
Microsoft Visual Studio Solution File, Format Version 12.00
# Visual Studio 15
VisualStudioVersion = 15.0.28307.421
MinimumVisualStudioVersion = 10.0.40219.1
Project("{8BC9CEB8-8B4A-11D0-8D11-00A0C91BC942}") = "Ćw11str65", "Ćw11str65\Ćw11str65.vcxproj", "{0744E59F-C43F-42BA-876E-B5F6121CC1CE}"
EndProject
Global
	GlobalSection(SolutionConfigurationPlatforms) = preSolution
		Debug|x64 = Debug|x64
		Debug|x86 = Debug|x86
		Release|x64 = Release|x64
		Release|x86 = Release|x86
	EndGlobalSection
	GlobalSection(ProjectConfigurationPlatforms) = postSolution
		{0744E59F-C43F-42BA-876E-B5F6121CC1CE}.Debug|x64.ActiveCfg = Debug|x64
		{0744E59F-C43F-42BA-876E-B5F6121CC1CE}.Debug|x64.Build.0 = Debug|x64
		{0744E59F-C43F-42BA-876E-B5F6121CC1CE}.Debug|x86.ActiveCfg = Debug|Win32
		{0744E59F-C43F-42BA-876E-B5F6121CC1CE}.Debug|x86.Build.0 = Debug|Win32
		{0744E59F-C43F-42BA-876E-B5F6121CC1CE}.Release|x64.ActiveCfg = Release|x64
		{0744E59F-C43F-42BA-876E-B5F6121CC1CE}.Release|x64.Build.0 = Release|x64
		{0744E59F-C43F-42BA-876E-B5F6121CC1CE}.Release|x86.ActiveCfg = Release|Win32
		{0744E59F-C43F-42BA-876E-B5F6121CC1CE}.Release|x86.Build.0 = Release|Win32
	EndGlobalSection
	GlobalSection(SolutionProperties) = preSolution
		HideSolutionNode = FALSE
	EndGlobalSection
	GlobalSection(ExtensibilityGlobals) = postSolution
		SolutionGuid = {A6AA9758-0D59-4EBE-BEAF-A3DDFBECB806}
	EndGlobalSection
EndGlobal
